
Microsoft Visual Studio Solution File, Format Version 12.00
# Visual Studio Version 16
VisualStudioVersion = 16.0.30517.126
MinimumVisualStudioVersion = 10.0.40219.1
Project("{FAE04EC0-301F-11D3-BF4B-00C04F79EFBC}") = "PostgresWebApp", "PostgresWebApp.csproj", "{4E6231C5-8CB9-43E2-BD96-E81BED402DEA}"
EndProject
Global
	GlobalSection(SolutionConfigurationPlatforms) = preSolution
		Debug|Any CPU = Debug|Any CPU
		Release|Any CPU = Release|Any CPU
	EndGlobalSection
	GlobalSection(ProjectConfigurationPlatforms) = postSolution
		{4E6231C5-8CB9-43E2-BD96-E81BED402DEA}.Debug|Any CPU.ActiveCfg = Debug|Any CPU
		{4E6231C5-8CB9-43E2-BD96-E81BED402DEA}.Debug|Any CPU.Build.0 = Debug|Any CPU
		{4E6231C5-8CB9-43E2-BD96-E81BED402DEA}.Release|Any CPU.ActiveCfg = Release|Any CPU
		{4E6231C5-8CB9-43E2-BD96-E81BED402DEA}.Release|Any CPU.Build.0 = Release|Any CPU
	EndGlobalSection
	GlobalSection(SolutionProperties) = preSolution
		HideSolutionNode = FALSE
	EndGlobalSection
	GlobalSection(ExtensibilityGlobals) = postSolution
		SolutionGuid = {4A72C15A-3B41-4EB6-9D13-C5F97ACBCFDE}
	EndGlobalSection
EndGlobal
